PODS:
  - RxBlocking (3.6.1):
    - RxSwift (~> 3.6)
  - RxCocoa (3.6.1):
    - RxSwift (~> 3.6)
  - RxSwift (3.6.1)
  - RxTest (3.6.1):
    - RxSwift (~> 3.6)
  - SwiftFP (1.0.0):
    - SwiftFP/Main (= 1.0.0)
  - SwiftFP/Main (1.0.0)

DEPENDENCIES:
  - RxBlocking (~> 3.0)
  - RxCocoa (~> 3.0)
  - RxSwift (~> 3.0)
  - RxTest (~> 3.0)
  - SwiftFP (from `https://github.com/protoman92/SwiftFP.git`)

EXTERNAL SOURCES:
  SwiftFP:
    :git: https://github.com/protoman92/SwiftFP.git

CHECKOUT OPTIONS:
  SwiftFP:
    :commit: d45705d5afaa2ec92c91a7cb66297c8e5041a6cc
    :git: https://github.com/protoman92/SwiftFP.git

SPEC CHECKSUMS:
  RxBlocking: 4f4bd5732e8b952e54ae8a57739bcfb645de12bc
  RxCocoa: 84a08739ab186248c7f31ce4ee92d6f8a947d690
  RxSwift: f9de85ea20cd2f7716ee5409fc13523dc638e4e4
  RxTest: 1d00348a7848c91ab5bf5d197d2378aa6b2bb356
  SwiftFP: 7ce3b2b2fb3c85d6195fd50cb1d873dcf82ae50e

PODFILE CHECKSUM: a3aad8516edecb0c5c47073dc2bfa01938f65a3a

COCOAPODS: 1.4.0
